
Microsoft Visual Studio Solution File, Format Version 12.00
# Visual Studio Version 17
VisualStudioVersion = 17.10.34928.147
MinimumVisualStudioVersion = 10.0.40219.1
Project("{FAE04EC0-301F-11D3-BF4B-00C04F79EFBC}") = "EjerciciosPolizas", "EjerciciosPolizas\EjerciciosPolizas.csproj", "{FD83986B-AFFE-41DD-8C91-F3B96B1AA6A7}"
EndProject
Global
	GlobalSection(SolutionConfigurationPlatforms) = preSolution
		Debug|Any CPU = Debug|Any CPU
		Release|Any CPU = Release|Any CPU
	EndGlobalSection
	GlobalSection(ProjectConfigurationPlatforms) = postSolution
		{FD83986B-AFFE-41DD-8C91-F3B96B1AA6A7}.Debug|Any CPU.ActiveCfg = Debug|Any CPU
		{FD83986B-AFFE-41DD-8C91-F3B96B1AA6A7}.Debug|Any CPU.Build.0 = Debug|Any CPU
		{FD83986B-AFFE-41DD-8C91-F3B96B1AA6A7}.Release|Any CPU.ActiveCfg = Release|Any CPU
		{FD83986B-AFFE-41DD-8C91-F3B96B1AA6A7}.Release|Any CPU.Build.0 = Release|Any CPU
	EndGlobalSection
	GlobalSection(SolutionProperties) = preSolution
		HideSolutionNode = FALSE
	EndGlobalSection
	GlobalSection(ExtensibilityGlobals) = postSolution
		SolutionGuid = {A79C02E3-0296-44EA-80D1-D19540C267E9}
	EndGlobalSection
EndGlobal
